{
  "name": "Student-Survival-Store",
  "version": "1.0.0",
  "lockfileVersion": 2,
  "requires": true,
  "packages": {
    "": {
      "name": "Student-Survival-Store",
      "version": "1.0.0",
      "license": "ISC",
      "dependencies": {
        "crypto": "^1.0.1"
      },
      "devDependencies": {}
    },
    "node_modules/crypto": {
      "version": "1.0.1",
      "deprecated": "This package is no longer supported. It's now a built-in Node module. If you've depended on crypto, you should switch to the one that's built-in.",
      "license": "ISC"
    }
  },
  "dependencies": {
    "crypto": {
      "version": "1.0.1"
    }
  }
}
